
Microsoft Visual Studio Solution File, Format Version 12.00
# Visual Studio Version 17
VisualStudioVersion = 17.1.32414.318
MinimumVisualStudioVersion = 10.0.40219.1
Project("{9A19103F-16F7-4668-BE54-9A1E7A4F7556}") = "Ookii.Jumbo", "Ookii.Jumbo\Ookii.Jumbo.csproj", "{823CFAFB-98C0-4470-A723-CE23199AEC7D}"
EndProject
Project("{9A19103F-16F7-4668-BE54-9A1E7A4F7556}") = "Ookii.Jumbo.Test", "Ookii.Jumbo.Test\Ookii.Jumbo.Test.csproj", "{A0701BDB-05B0-4D35-8408-0B23BFD71E51}"
EndProject
Project("{2150E333-8FDC-42A3-9474-1A3956D46DE8}") = "Dfs", "Dfs", "{21A3187F-DF97-4737-9A59-E91FDD719F71}"
EndProject
Project("{9A19103F-16F7-4668-BE54-9A1E7A4F7556}") = "Ookii.Jumbo.Dfs", "Ookii.Jumbo.Dfs\Ookii.Jumbo.Dfs.csproj", "{2981415C-4B1F-4F6A-8F09-BCA90A199636}"
EndProject
Project("{2150E333-8FDC-42A3-9474-1A3956D46DE8}") = "Common", "Common", "{F72DA760-1B5A-4ABD-83B4-EAFCA3349042}"
EndProject
Project("{9A19103F-16F7-4668-BE54-9A1E7A4F7556}") = "NameServer", "NameServer\NameServer.csproj", "{3F1432EA-8544-4232-9B8D-06556EE155E9}"
EndProject
Project("{9A19103F-16F7-4668-BE54-9A1E7A4F7556}") = "DataServer", "DataServer\DataServer.csproj", "{44A32DA2-4DDD-43AC-A513-B584337E6FD6}"
EndProject
Project("{2150E333-8FDC-42A3-9474-1A3956D46DE8}") = "Solution Items", "Solution Items", "{03E07EC7-38B6-4A19-A37D-9F58FCCCCB25}"
	ProjectSection(SolutionItems) = preProject
		.editorconfig = .editorconfig
		.gitignore = .gitignore
		common.config = common.config
		dfs.config = dfs.config
		Directory.Build.props = Directory.Build.props
		jet.config = jet.config
		Jumbo.ruleset = Jumbo.ruleset
		JumboShell.ruleset = JumboShell.ruleset
	EndProjectSection
EndProject
Project("{9A19103F-16F7-4668-BE54-9A1E7A4F7556}") = "DfsShell", "DfsShell\DfsShell.csproj", "{7049AE4F-3AB9-46A5-A112-17949E744E92}"
EndProject
Project("{9A19103F-16F7-4668-BE54-9A1E7A4F7556}") = "DfsWeb", "DfsWeb\DfsWeb.csproj", "{952E9650-6507-45E0-8710-39E5A4CB2702}"
EndProject
Project("{2150E333-8FDC-42A3-9474-1A3956D46DE8}") = "Jet", "Jet", "{A8DAB872-405D-407D-A3EC-975ABFB5E6FE}"
EndProject
Project("{9A19103F-16F7-4668-BE54-9A1E7A4F7556}") = "Ookii.Jumbo.Jet", "Ookii.Jumbo.Jet\Ookii.Jumbo.Jet.csproj", "{811AA6B5-0784-410F-9D6C-9AD2F1E0E8F2}"
EndProject
Project("{9A19103F-16F7-4668-BE54-9A1E7A4F7556}") = "TaskHost", "TaskHost\TaskHost.csproj", "{9AE1B0D7-0D60-4267-B022-F7BD8E3ACCC8}"
EndProject
Project("{9A19103F-16F7-4668-BE54-9A1E7A4F7556}") = "JobServer", "JobServer\JobServer.csproj", "{A3B3C3FD-11D7-4AD6-948B-2817A608AE70}"
EndProject
Project("{9A19103F-16F7-4668-BE54-9A1E7A4F7556}") = "TaskServer", "TaskServer\TaskServer.csproj", "{4501DAF8-1381-426F-8948-4EA87BFCB839}"
EndProject
Project("{9A19103F-16F7-4668-BE54-9A1E7A4F7556}") = "Ookii.Jumbo.Test.Tasks", "Ookii.Jumbo.Test.Tasks\Ookii.Jumbo.Test.Tasks.csproj", "{7223174C-17E7-47CA-BE3C-6D49BFCF07E9}"
EndProject
Project("{9A19103F-16F7-4668-BE54-9A1E7A4F7556}") = "JetShell", "JetShell\JetShell.csproj", "{D32E899B-10D9-483D-8AAE-AAEFCF798FE4}"
EndProject
Project("{9A19103F-16F7-4668-BE54-9A1E7A4F7556}") = "Ookii.Jumbo.Jet.Samples", "Ookii.Jumbo.Jet.Samples\Ookii.Jumbo.Jet.Samples.csproj", "{0756D7BE-E857-4593-9A52-48F3421EBF2A}"
EndProject
Project("{9A19103F-16F7-4668-BE54-9A1E7A4F7556}") = "JetWeb", "JetWeb\JetWeb.csproj", "{C2C9DB18-822E-45E0-AA5E-7A6480C5D257}"
EndProject
Project("{7CF6DF6D-3B04-46F8-A40B-537D21BCA0B4}") = "JumboDoc", "JumboDoc\JumboDoc.shfbproj", "{FB90E4C4-22F4-4B3A-ACAE-E181D1D1BB9D}"
EndProject
Global
	GlobalSection(SolutionConfigurationPlatforms) = preSolution
		Debug|Any CPU = Debug|Any CPU
		Release|Any CPU = Release|Any CPU
	EndGlobalSection
	GlobalSection(ProjectConfigurationPlatforms) = postSolution
		{823CFAFB-98C0-4470-A723-CE23199AEC7D}.Debug|Any CPU.ActiveCfg = Debug|Any CPU
		{823CFAFB-98C0-4470-A723-CE23199AEC7D}.Debug|Any CPU.Build.0 = Debug|Any CPU
		{823CFAFB-98C0-4470-A723-CE23199AEC7D}.Release|Any CPU.ActiveCfg = Release|Any CPU
		{823CFAFB-98C0-4470-A723-CE23199AEC7D}.Release|Any CPU.Build.0 = Release|Any CPU
		{A0701BDB-05B0-4D35-8408-0B23BFD71E51}.Debug|Any CPU.ActiveCfg = Debug|Any CPU
		{A0701BDB-05B0-4D35-8408-0B23BFD71E51}.Debug|Any CPU.Build.0 = Debug|Any CPU
		{A0701BDB-05B0-4D35-8408-0B23BFD71E51}.Release|Any CPU.ActiveCfg = Release|Any CPU
		{A0701BDB-05B0-4D35-8408-0B23BFD71E51}.Release|Any CPU.Build.0 = Release|Any CPU
		{2981415C-4B1F-4F6A-8F09-BCA90A199636}.Debug|Any CPU.ActiveCfg = Debug|Any CPU
		{2981415C-4B1F-4F6A-8F09-BCA90A199636}.Debug|Any CPU.Build.0 = Debug|Any CPU
		{2981415C-4B1F-4F6A-8F09-BCA90A199636}.Release|Any CPU.ActiveCfg = Release|Any CPU
		{2981415C-4B1F-4F6A-8F09-BCA90A199636}.Release|Any CPU.Build.0 = Release|Any CPU
		{3F1432EA-8544-4232-9B8D-06556EE155E9}.Debug|Any CPU.ActiveCfg = Debug|Any CPU
		{3F1432EA-8544-4232-9B8D-06556EE155E9}.Debug|Any CPU.Build.0 = Debug|Any CPU
		{3F1432EA-8544-4232-9B8D-06556EE155E9}.Release|Any CPU.ActiveCfg = Release|Any CPU
		{3F1432EA-8544-4232-9B8D-06556EE155E9}.Release|Any CPU.Build.0 = Release|Any CPU
		{44A32DA2-4DDD-43AC-A513-B584337E6FD6}.Debug|Any CPU.ActiveCfg = Debug|Any CPU
		{44A32DA2-4DDD-43AC-A513-B584337E6FD6}.Debug|Any CPU.Build.0 = Debug|Any CPU
		{44A32DA2-4DDD-43AC-A513-B584337E6FD6}.Release|Any CPU.ActiveCfg = Release|Any CPU
		{44A32DA2-4DDD-43AC-A513-B584337E6FD6}.Release|Any CPU.Build.0 = Release|Any CPU
		{7049AE4F-3AB9-46A5-A112-17949E744E92}.Debug|Any CPU.ActiveCfg = Debug|Any CPU
		{7049AE4F-3AB9-46A5-A112-17949E744E92}.Debug|Any CPU.Build.0 = Debug|Any CPU
		{7049AE4F-3AB9-46A5-A112-17949E744E92}.Release|Any CPU.ActiveCfg = Release|Any CPU
		{7049AE4F-3AB9-46A5-A112-17949E744E92}.Release|Any CPU.Build.0 = Release|Any CPU
		{952E9650-6507-45E0-8710-39E5A4CB2702}.Debug|Any CPU.ActiveCfg = Debug|Any CPU
		{952E9650-6507-45E0-8710-39E5A4CB2702}.Debug|Any CPU.Build.0 = Debug|Any CPU
		{952E9650-6507-45E0-8710-39E5A4CB2702}.Release|Any CPU.ActiveCfg = Release|Any CPU
		{952E9650-6507-45E0-8710-39E5A4CB2702}.Release|Any CPU.Build.0 = Release|Any CPU
		{811AA6B5-0784-410F-9D6C-9AD2F1E0E8F2}.Debug|Any CPU.ActiveCfg = Debug|Any CPU
		{811AA6B5-0784-410F-9D6C-9AD2F1E0E8F2}.Debug|Any CPU.Build.0 = Debug|Any CPU
		{811AA6B5-0784-410F-9D6C-9AD2F1E0E8F2}.Release|Any CPU.ActiveCfg = Release|Any CPU
		{811AA6B5-0784-410F-9D6C-9AD2F1E0E8F2}.Release|Any CPU.Build.0 = Release|Any CPU
		{9AE1B0D7-0D60-4267-B022-F7BD8E3ACCC8}.Debug|Any CPU.ActiveCfg = Debug|Any CPU
		{9AE1B0D7-0D60-4267-B022-F7BD8E3ACCC8}.Debug|Any CPU.Build.0 = Debug|Any CPU
		{9AE1B0D7-0D60-4267-B022-F7BD8E3ACCC8}.Release|Any CPU.ActiveCfg = Release|Any CPU
		{9AE1B0D7-0D60-4267-B022-F7BD8E3ACCC8}.Release|Any CPU.Build.0 = Release|Any CPU
		{A3B3C3FD-11D7-4AD6-948B-2817A608AE70}.Debug|Any CPU.ActiveCfg = Debug|Any CPU
		{A3B3C3FD-11D7-4AD6-948B-2817A608AE70}.Debug|Any CPU.Build.0 = Debug|Any CPU
		{A3B3C3FD-11D7-4AD6-948B-2817A608AE70}.Release|Any CPU.ActiveCfg = Release|Any CPU
		{A3B3C3FD-11D7-4AD6-948B-2817A608AE70}.Release|Any CPU.Build.0 = Release|Any CPU
		{4501DAF8-1381-426F-8948-4EA87BFCB839}.Debug|Any CPU.ActiveCfg = Debug|Any CPU
		{4501DAF8-1381-426F-8948-4EA87BFCB839}.Debug|Any CPU.Build.0 = Debug|Any CPU
		{4501DAF8-1381-426F-8948-4EA87BFCB839}.Release|Any CPU.ActiveCfg = Release|Any CPU
		{4501DAF8-1381-426F-8948-4EA87BFCB839}.Release|Any CPU.Build.0 = Release|Any CPU
		{7223174C-17E7-47CA-BE3C-6D49BFCF07E9}.Debug|Any CPU.ActiveCfg = Debug|Any CPU
		{7223174C-17E7-47CA-BE3C-6D49BFCF07E9}.Debug|Any CPU.Build.0 = Debug|Any CPU
		{7223174C-17E7-47CA-BE3C-6D49BFCF07E9}.Release|Any CPU.ActiveCfg = Release|Any CPU
		{7223174C-17E7-47CA-BE3C-6D49BFCF07E9}.Release|Any CPU.Build.0 = Release|Any CPU
		{D32E899B-10D9-483D-8AAE-AAEFCF798FE4}.Debug|Any CPU.ActiveCfg = Debug|Any CPU
		{D32E899B-10D9-483D-8AAE-AAEFCF798FE4}.Debug|Any CPU.Build.0 = Debug|Any CPU
		{D32E899B-10D9-483D-8AAE-AAEFCF798FE4}.Release|Any CPU.ActiveCfg = Release|Any CPU
		{D32E899B-10D9-483D-8AAE-AAEFCF798FE4}.Release|Any CPU.Build.0 = Release|Any CPU
		{0756D7BE-E857-4593-9A52-48F3421EBF2A}.Debug|Any CPU.ActiveCfg = Debug|Any CPU
		{0756D7BE-E857-4593-9A52-48F3421EBF2A}.Debug|Any CPU.Build.0 = Debug|Any CPU
		{0756D7BE-E857-4593-9A52-48F3421EBF2A}.Release|Any CPU.ActiveCfg = Release|Any CPU
		{0756D7BE-E857-4593-9A52-48F3421EBF2A}.Release|Any CPU.Build.0 = Release|Any CPU
		{C2C9DB18-822E-45E0-AA5E-7A6480C5D257}.Debug|Any CPU.ActiveCfg = Debug|Any CPU
		{C2C9DB18-822E-45E0-AA5E-7A6480C5D257}.Debug|Any CPU.Build.0 = Debug|Any CPU
		{C2C9DB18-822E-45E0-AA5E-7A6480C5D257}.Release|Any CPU.ActiveCfg = Release|Any CPU
		{C2C9DB18-822E-45E0-AA5E-7A6480C5D257}.Release|Any CPU.Build.0 = Release|Any CPU
		{FB90E4C4-22F4-4B3A-ACAE-E181D1D1BB9D}.Debug|Any CPU.ActiveCfg = Debug|Any CPU
		{FB90E4C4-22F4-4B3A-ACAE-E181D1D1BB9D}.Debug|Any CPU.Build.0 = Debug|Any CPU
		{FB90E4C4-22F4-4B3A-ACAE-E181D1D1BB9D}.Release|Any CPU.ActiveCfg = Release|Any CPU
		{FB90E4C4-22F4-4B3A-ACAE-E181D1D1BB9D}.Release|Any CPU.Build.0 = Release|Any CPU
	EndGlobalSection
	GlobalSection(SolutionProperties) = preSolution
		HideSolutionNode = FALSE
	EndGlobalSection
	GlobalSection(NestedProjects) = preSolution
		{823CFAFB-98C0-4470-A723-CE23199AEC7D} = {F72DA760-1B5A-4ABD-83B4-EAFCA3349042}
		{A0701BDB-05B0-4D35-8408-0B23BFD71E51} = {F72DA760-1B5A-4ABD-83B4-EAFCA3349042}
		{2981415C-4B1F-4F6A-8F09-BCA90A199636} = {21A3187F-DF97-4737-9A59-E91FDD719F71}
		{3F1432EA-8544-4232-9B8D-06556EE155E9} = {21A3187F-DF97-4737-9A59-E91FDD719F71}
		{44A32DA2-4DDD-43AC-A513-B584337E6FD6} = {21A3187F-DF97-4737-9A59-E91FDD719F71}
		{7049AE4F-3AB9-46A5-A112-17949E744E92} = {21A3187F-DF97-4737-9A59-E91FDD719F71}
		{952E9650-6507-45E0-8710-39E5A4CB2702} = {21A3187F-DF97-4737-9A59-E91FDD719F71}
		{811AA6B5-0784-410F-9D6C-9AD2F1E0E8F2} = {A8DAB872-405D-407D-A3EC-975ABFB5E6FE}
		{9AE1B0D7-0D60-4267-B022-F7BD8E3ACCC8} = {A8DAB872-405D-407D-A3EC-975ABFB5E6FE}
		{A3B3C3FD-11D7-4AD6-948B-2817A608AE70} = {A8DAB872-405D-407D-A3EC-975ABFB5E6FE}
		{4501DAF8-1381-426F-8948-4EA87BFCB839} = {A8DAB872-405D-407D-A3EC-975ABFB5E6FE}
		{7223174C-17E7-47CA-BE3C-6D49BFCF07E9} = {F72DA760-1B5A-4ABD-83B4-EAFCA3349042}
		{D32E899B-10D9-483D-8AAE-AAEFCF798FE4} = {A8DAB872-405D-407D-A3EC-975ABFB5E6FE}
		{0756D7BE-E857-4593-9A52-48F3421EBF2A} = {A8DAB872-405D-407D-A3EC-975ABFB5E6FE}
		{C2C9DB18-822E-45E0-AA5E-7A6480C5D257} = {A8DAB872-405D-407D-A3EC-975ABFB5E6FE}
		{FB90E4C4-22F4-4B3A-ACAE-E181D1D1BB9D} = {F72DA760-1B5A-4ABD-83B4-EAFCA3349042}
	EndGlobalSection
	GlobalSection(ExtensibilityGlobals) = postSolution
		SolutionGuid = {546C671A-4D18-41E1-A7FD-4C453CFB5711}
	EndGlobalSection
EndGlobal
